<?xml version="1.0" encoding="utf-8"?>
<Project ToolsVersion="4.0" xmlns="http://schemas.microsoft.com/developer/msbuild/2003">
  <ItemGroup>
    <Filter Include="Source Files">
      <UniqueIdentifier>{4FC737F1-C7A5-4376-A066-2A32D752A2FF}</UniqueIdentifier>
      <Extensions>cpp;c;cc;cxx;def;odl;idl;hpj;bat;asm;asmx</Extensions>
    </Filter>
    <Filter Include="Header Files">
      <UniqueIdentifier>{93995380-89BD-4b04-88EB-625FBE52EBFB}</UniqueIdentifier>
      <Extensions>h;hh;hpp;hxx;hm;inl;inc;xsd</Extensions>
    </Filter>
    <Filter Include="Resource Files">
      <UniqueIdentifier>{67DA6AB6-F800-4c08-8B7A-83BB121AAD01}</UniqueIdentifier>
      <Extensions>rc;ico;cur;bmp;dlg;rc2;rct;bin;rgs;gif;jpg;jpeg;jpe;resx;tiff;tif;png;wav;mfcribbon-ms</Extensions>
    </Filter>
  </ItemGroup>
  <ItemGroup>
    <ClCompile Include="main.cpp">
      <Filter>Source Files</Filter>
    </ClCompile>
    <ClCompile Include="frag.cpp">
      <Filter>Source Files</Filter>
    </ClCompile>
  </ItemGroup>
  <ItemGroup>
    <ClInclude Include="..\header\ArpLayer.h">
      <Filter>Header Files</Filter>
    </ClInclude>
    <ClInclude Include="..\header\BgpLayer.h">
      <Filter>Header Files</Filter>
    </ClInclude>
    <ClInclude Include="..\header\Device.h">
      <Filter>Header Files</Filter>
    </ClInclude>
    <ClInclude Include="..\header\DhcpLayer.h">
      <Filter>Header Files</Filter>
    </ClInclude>
    <ClInclude Include="..\header\DhcpV6Layer.h">
      <Filter>Header Files</Filter>
    </ClInclude>
    <ClInclude Include="..\header\DnsLayer.h">
      <Filter>Header Files</Filter>
    </ClInclude>
    <ClInclude Include="..\header\DnsLayerEnums.h">
      <Filter>Header Files</Filter>
    </ClInclude>
    <ClInclude Include="..\header\DnsResource.h">
      <Filter>Header Files</Filter>
    </ClInclude>
    <ClInclude Include="..\header\DnsResourceData.h">
      <Filter>Header Files</Filter>
    </ClInclude>
    <ClInclude Include="..\header\DpdkDevice.h">
      <Filter>Header Files</Filter>
    </ClInclude>
    <ClInclude Include="..\header\DpdkDeviceList.h">
      <Filter>Header Files</Filter>
    </ClInclude>
    <ClInclude Include="..\header\EthDot3Layer.h">
      <Filter>Header Files</Filter>
    </ClInclude>
    <ClInclude Include="..\header\EthLayer.h">
      <Filter>Header Files</Filter>
    </ClInclude>
    <ClInclude Include="..\header\FtpLayer.h">
      <Filter>Header Files</Filter>
    </ClInclude>
    <ClInclude Include="..\header\GeneralUtils.h">
      <Filter>Header Files</Filter>
    </ClInclude>
    <ClInclude Include="..\header\GreLayer.h">
      <Filter>Header Files</Filter>
    </ClInclude>
    <ClInclude Include="..\header\GtpLayer.h">
      <Filter>Header Files</Filter>
    </ClInclude>
    <ClInclude Include="..\header\HttpLayer.h">
      <Filter>Header Files</Filter>
    </ClInclude>
    <ClInclude Include="..\header\IcmpLayer.h">
      <Filter>Header Files</Filter>
    </ClInclude>
    <ClInclude Include="..\header\IcmpV6Layer.h">
      <Filter>Header Files</Filter>
    </ClInclude>
    <ClInclude Include="..\header\IgmpLayer.h">
      <Filter>Header Files</Filter>
    </ClInclude>
    <ClInclude Include="..\header\IpAddress.h">
      <Filter>Header Files</Filter>
    </ClInclude>
    <ClInclude Include="..\header\IPLayer.h">
      <Filter>Header Files</Filter>
    </ClInclude>
    <ClInclude Include="..\header\IPReassembly.h">
      <Filter>Header Files</Filter>
    </ClInclude>
    <ClInclude Include="..\header\IPSecLayer.h">
      <Filter>Header Files</Filter>
    </ClInclude>
    <ClInclude Include="..\header\IpUtils.h">
      <Filter>Header Files</Filter>
    </ClInclude>
    <ClInclude Include="..\header\IPv4Layer.h">
      <Filter>Header Files</Filter>
    </ClInclude>
    <ClInclude Include="..\header\IPv6Extensions.h">
      <Filter>Header Files</Filter>
    </ClInclude>
    <ClInclude Include="..\header\IPv6Layer.h">
      <Filter>Header Files</Filter>
    </ClInclude>
    <ClInclude Include="..\header\KniDevice.h">
      <Filter>Header Files</Filter>
    </ClInclude>
    <ClInclude Include="..\header\KniDeviceList.h">
      <Filter>Header Files</Filter>
    </ClInclude>
    <ClInclude Include="..\header\Layer.h">
      <Filter>Header Files</Filter>
    </ClInclude>
    <ClInclude Include="..\header\LinuxNicInformationSocket.h">
      <Filter>Header Files</Filter>
    </ClInclude>
    <ClInclude Include="..\header\LLCLayer.h">
      <Filter>Header Files</Filter>
    </ClInclude>
    <ClInclude Include="..\header\Logger.h">
      <Filter>Header Files</Filter>
    </ClInclude>
    <ClInclude Include="..\header\LRUList.h">
      <Filter>Header Files</Filter>
    </ClInclude>
    <ClInclude Include="..\header\MacAddress.h">
      <Filter>Header Files</Filter>
    </ClInclude>
    <ClInclude Include="..\header\MBufRawPacket.h">
      <Filter>Header Files</Filter>
    </ClInclude>
    <ClInclude Include="..\header\MplsLayer.h">
      <Filter>Header Files</Filter>
    </ClInclude>
    <ClInclude Include="..\header\NdpLayer.h">
      <Filter>Header Files</Filter>
    </ClInclude>
    <ClInclude Include="..\header\NetworkUtils.h">
      <Filter>Header Files</Filter>
    </ClInclude>
    <ClInclude Include="..\header\NtpLayer.h">
      <Filter>Header Files</Filter>
    </ClInclude>
    <ClInclude Include="..\header\NullLoopbackLayer.h">
      <Filter>Header Files</Filter>
    </ClInclude>
    <ClInclude Include="..\header\Packet.h">
      <Filter>Header Files</Filter>
    </ClInclude>
    <ClInclude Include="..\header\PacketTrailerLayer.h">
      <Filter>Header Files</Filter>
    </ClInclude>
    <ClInclude Include="..\header\PacketUtils.h">
      <Filter>Header Files</Filter>
    </ClInclude>
    <ClInclude Include="..\header\PayloadLayer.h">
      <Filter>Header Files</Filter>
    </ClInclude>
    <ClInclude Include="..\header\PcapDevice.h">
      <Filter>Header Files</Filter>
    </ClInclude>
    <ClInclude Include="..\header\PcapFileDevice.h">
      <Filter>Header Files</Filter>
    </ClInclude>
    <ClInclude Include="..\header\PcapFilter.h">
      <Filter>Header Files</Filter>
    </ClInclude>
    <ClInclude Include="..\header\PcapLiveDevice.h">
      <Filter>Header Files</Filter>
    </ClInclude>
    <ClInclude Include="..\header\PcapLiveDeviceList.h">
      <Filter>Header Files</Filter>
    </ClInclude>
    <ClInclude Include="..\header\PcapPlusPlusVersion.h">
      <Filter>Header Files</Filter>
    </ClInclude>
    <ClInclude Include="..\header\PcapRemoteDevice.h">
      <Filter>Header Files</Filter>
    </ClInclude>
    <ClInclude Include="..\header\PcapRemoteDeviceList.h">
      <Filter>Header Files</Filter>
    </ClInclude>
    <ClInclude Include="..\header\PfRingDevice.h">
      <Filter>Header Files</Filter>
    </ClInclude>
    <ClInclude Include="..\header\PfRingDeviceList.h">
      <Filter>Header Files</Filter>
    </ClInclude>
    <ClInclude Include="..\header\PointerVector.h">
      <Filter>Header Files</Filter>
    </ClInclude>
    <ClInclude Include="..\header\PPPoELayer.h">
      <Filter>Header Files</Filter>
    </ClInclude>
    <ClInclude Include="..\header\ProtocolType.h">
      <Filter>Header Files</Filter>
    </ClInclude>
    <ClInclude Include="..\header\RadiusLayer.h">
      <Filter>Header Files</Filter>
    </ClInclude>
    <ClInclude Include="..\header\RawPacket.h">
      <Filter>Header Files</Filter>
    </ClInclude>
    <ClInclude Include="..\header\RawSocketDevice.h">
      <Filter>Header Files</Filter>
    </ClInclude>
    <ClInclude Include="..\header\SdpLayer.h">
      <Filter>Header Files</Filter>
    </ClInclude>
    <ClInclude Include="..\header\SingleCommandTextProtocol.h">
      <Filter>Header Files</Filter>
    </ClInclude>
    <ClInclude Include="..\header\SipLayer.h">
      <Filter>Header Files</Filter>
    </ClInclude>
    <ClInclude Include="..\header\SllLayer.h">
      <Filter>Header Files</Filter>
    </ClInclude>
    <ClInclude Include="..\header\SomeIpLayer.h">
      <Filter>Header Files</Filter>
    </ClInclude>
    <ClInclude Include="..\header\SomeIpSdLayer.h">
      <Filter>Header Files</Filter>
    </ClInclude>
    <ClInclude Include="..\header\SSHLayer.h">
      <Filter>Header Files</Filter>
    </ClInclude>
    <ClInclude Include="..\header\SSLCommon.h">
      <Filter>Header Files</Filter>
    </ClInclude>
    <ClInclude Include="..\header\SSLHandshake.h">
      <Filter>Header Files</Filter>
    </ClInclude>
    <ClInclude Include="..\header\SSLLayer.h">
      <Filter>Header Files</Filter>
    </ClInclude>
    <ClInclude Include="..\header\StpLayer.h">
      <Filter>Header Files</Filter>
    </ClInclude>
    <ClInclude Include="..\header\SystemUtils.h">
      <Filter>Header Files</Filter>
    </ClInclude>
    <ClInclude Include="..\header\TablePrinter.h">
      <Filter>Header Files</Filter>
    </ClInclude>
    <ClInclude Include="..\header\TcpLayer.h">
      <Filter>Header Files</Filter>
    </ClInclude>
    <ClInclude Include="..\header\TcpReassembly.h">
      <Filter>Header Files</Filter>
    </ClInclude>
    <ClInclude Include="..\header\TelnetLayer.h">
      <Filter>Header Files</Filter>
    </ClInclude>
    <ClInclude Include="..\header\TextBasedProtocol.h">
      <Filter>Header Files</Filter>
    </ClInclude>
    <ClInclude Include="..\header\TimespecTimeval.h">
      <Filter>Header Files</Filter>
    </ClInclude>
    <ClInclude Include="..\header\TLVData.h">
      <Filter>Header Files</Filter>
    </ClInclude>
    <ClInclude Include="..\header\UdpLayer.h">
      <Filter>Header Files</Filter>
    </ClInclude>
    <ClInclude Include="..\header\VlanLayer.h">
      <Filter>Header Files</Filter>
    </ClInclude>
    <ClInclude Include="..\header\VxlanLayer.h">
      <Filter>Header Files</Filter>
    </ClInclude>
    <ClInclude Include="..\header\WakeOnLanLayer.h">
      <Filter>Header Files</Filter>
    </ClInclude>
    <ClInclude Include="..\header\WinPcapLiveDevice.h">
      <Filter>Header Files</Filter>
    </ClInclude>
    <ClInclude Include="..\header\getopt.h">
      <Filter>Source Files</Filter>
    </ClInclude>
  </ItemGroup>
</Project>